// !$*UTF8*$!
{
	archiveVersion = 1;
	classes = {
	};
	objectVersion = 56;
	objects = {

/* Begin PBXBuildFile section */
		4336E7DB2BC3BC9C00154329 /* AppDelegate.swift in Sources */ = {isa = PBXBuildFile; fileRef = 4336E7DA2BC3BC9C00154329 /* AppDelegate.swift */; };
		4336E7DD2BC3BC9C00154329 /* SceneDelegate.swift in Sources */ = {isa = PBXBuildFile; fileRef = 4336E7DC2BC3BC9C00154329 /* SceneDelegate.swift */; };
		4336E7DF2BC3BC9C00154329 /* ViewController.swift in Sources */ = {isa = PBXBuildFile; fileRef = 4336E7DE2BC3BC9C00154329 /* ViewController.swift */; };
		4336E7E22BC3BC9C00154329 /* Main.storyboard in Resources */ = {isa = PBXBuildFile; fileRef = 4336E7E02BC3BC9C00154329 /* Main.storyboard */; };
		4336E7E52BC3BC9C00154329 /* ps3Q1.xcdatamodeld in Sources */ = {isa = PBXBuildFile; fileRef = 4336E7E32BC3BC9C00154329 /* ps3Q1.xcdatamodeld */; };
		4336E7E72BC3BC9D00154329 /* Assets.xcassets in Resources */ = {isa = PBXBuildFile; fileRef = 4336E7E62BC3BC9D00154329 /* Assets.xcassets */; };
		4336E7EA2BC3BC9D00154329 /* LaunchScreen.storyboard in Resources */ = {isa = PBXBuildFile; fileRef = 4336E7E82BC3BC9D00154329 /* LaunchScreen.storyboard */; };
		4336E7F52BC3BC9D00154329 /* ps3Q1Tests.swift in Sources */ = {isa = PBXBuildFile; fileRef = 4336E7F42BC3BC9D00154329 /* ps3Q1Tests.swift */; };
		4336E7FF2BC3BC9D00154329 /* ps3Q1UITests.swift in Sources */ = {isa = PBXBuildFile; fileRef = 4336E7FE2BC3BC9D00154329 /* ps3Q1UITests.swift */; };
		4336E8012BC3BC9D00154329 /* ps3Q1UITestsLaunchTests.swift in Sources */ = {isa = PBXBuildFile; fileRef = 4336E8002BC3BC9D00154329 /* ps3Q1UITestsLaunchTests.swift */; };
		43AC0F7E2BC3BEE300F51D73 /* Stud_master+CoreDataClass.swift in Sources */ = {isa = PBXBuildFile; fileRef = 43AC0F7A2BC3BEE300F51D73 /* Stud_master+CoreDataClass.swift */; };
		43AC0F7F2BC3BEE300F51D73 /* Stud_master+CoreDataProperties.swift in Sources */ = {isa = PBXBuildFile; fileRef = 43AC0F7B2BC3BEE300F51D73 /* Stud_master+CoreDataProperties.swift */; };
		43AC0F802BC3BEE300F51D73 /* Stud_marks+CoreDataClass.swift in Sources */ = {isa = PBXBuildFile; fileRef = 43AC0F7C2BC3BEE300F51D73 /* Stud_marks+CoreDataClass.swift */; };
		43AC0F812BC3BEE300F51D73 /* Stud_marks+CoreDataProperties.swift in Sources */ = {isa = PBXBuildFile; fileRef = 43AC0F7D2BC3BEE300F51D73 /* Stud_marks+CoreDataProperties.swift */; };
		43AC0F852BC3C8CC00F51D73 /* StudentViewController.swift in Sources */ = {isa = PBXBuildFile; fileRef = 43AC0F842BC3C8CC00F51D73 /* StudentViewController.swift */; };
		43AC0F872BC3CD6B00F51D73 /* StudentTableViewController.swift in Sources */ = {isa = PBXBuildFile; fileRef = 43AC0F862BC3CD6B00F51D73 /* StudentTableViewController.swift */; };
		43AC0F892BC3D2A200F51D73 /* MarksViewController.swift in Sources */ = {isa = PBXBuildFile; fileRef = 43AC0F882BC3D2A200F51D73 /* MarksViewController.swift */; };
		43AC0F8D2BC3E66F00F51D73 /* MarksTableViewController.swift in Sources */ = {isa = PBXBuildFile; fileRef = 43AC0F8C2BC3E66F00F51D73 /* MarksTableViewController.swift */; };
/* End PBXBuildFile section */

/* Begin PBXContainerItemProxy section */
		4336E7F12BC3BC9D00154329 /* PBXContainerItemProxy */ = {
			isa = PBXContainerItemProxy;
			containerPortal = 4336E7CF2BC3BC9C00154329 /* Project object */;
			proxyType = 1;
			remoteGlobalIDString = 4336E7D62BC3BC9C00154329;
			remoteInfo = ps3Q1;
		};
		4336E7FB2BC3BC9D00154329 /* PBXContainerItemProxy */ = {
			isa = PBXContainerItemProxy;
			containerPortal = 4336E7CF2BC3BC9C00154329 /* Project object */;
			proxyType = 1;
			remoteGlobalIDString = 4336E7D62BC3BC9C00154329;
			remoteInfo = ps3Q1;
		};
/* End PBXContainerItemProxy section */

/* Begin PBXFileReference section */
		4336E7D72BC3BC9C00154329 /* ps3Q1.app */ = {isa = PBXFileReference; explicitFileType = wrapper.application; includeInIndex = 0; path = ps3Q1.app; sourceTree = BUILT_PRODUCTS_DIR; };
		4336E7DA2BC3BC9C00154329 /* AppDelegate.swift */ = {isa = PBXFileReference; lastKnownFileType = sourcecode.swift; path = AppDelegate.swift; sourceTree = "<group>"; };
		4336E7DC2BC3BC9C00154329 /* SceneDelegate.swift */ = {isa = PBXFileReference; lastKnownFileType = sourcecode.swift; path = SceneDelegate.swift; sourceTree = "<group>"; };
		4336E7DE2BC3BC9C00154329 /* ViewController.swift */ = {isa = PBXFileReference; lastKnownFileType = sourcecode.swift; path = ViewController.swift; sourceTree = "<group>"; };
		4336E7E12BC3BC9C00154329 /* Base */ = {isa = PBXFileReference; lastKnownFileType = file.storyboard; name = Base; path = Base.lproj/Main.storyboard; sourceTree = "<group>"; };
		4336E7E42BC3BC9C00154329 /* ps3Q1.xcdatamodel */ = {isa = PBXFileReference; lastKnownFileType = wrapper.xcdatamodel; path = ps3Q1.xcdatamodel; sourceTree = "<group>"; };
		4336E7E62BC3BC9D00154329 /* Assets.xcassets */ = {isa = PBXFileReference; lastKnownFileType = folder.assetcatalog; path = Assets.xcassets; sourceTree = "<group>"; };
		4336E7E92BC3BC9D00154329 /* Base */ = {isa = PBXFileReference; lastKnownFileType = file.storyboard; name = Base; path = Base.lproj/LaunchScreen.storyboard; sourceTree = "<group>"; };
		4336E7EB2BC3BC9D00154329 /* Info.plist */ = {isa = PBXFileReference; lastKnownFileType = text.plist.xml; path = Info.plist; sourceTree = "<group>"; };
		4336E7F02BC3BC9D00154329 /* ps3Q1Tests.xctest */ = {isa = PBXFileReference; explicitFileType = wrapper.cfbundle; includeInIndex = 0; path = ps3Q1Tests.xctest; sourceTree = BUILT_PRODUCTS_DIR; };
		4336E7F42BC3BC9D00154329 /* ps3Q1Tests.swift */ = {isa = PBXFileReference; lastKnownFileType = sourcecode.swift; path = ps3Q1Tests.swift; sourceTree = "<group>"; };
		4336E7FA2BC3BC9D00154329 /* ps3Q1UITests.xctest */ = {isa = PBXFileReference; explicitFileType = wrapper.cfbundle; includeInIndex = 0; path = ps3Q1UITests.xctest; sourceTree = BUILT_PRODUCTS_DIR; };
		4336E7FE2BC3BC9D00154329 /* ps3Q1UITests.swift */ = {isa = PBXFileReference; lastKnownFileType = sourcecode.swift; path = ps3Q1UITests.swift; sourceTree = "<group>"; };
		4336E8002BC3BC9D00154329 /* ps3Q1UITestsLaunchTests.swift */ = {isa = PBXFileReference; lastKnownFileType = sourcecode.swift; path = ps3Q1UITestsLaunchTests.swift; sourceTree = "<group>"; };
		43AC0F7A2BC3BEE300F51D73 /* Stud_master+CoreDataClass.swift */ = {isa = PBXFileReference; lastKnownFileType = sourcecode.swift; path = "Stud_master+CoreDataClass.swift"; sourceTree = "<group>"; };
		43AC0F7B2BC3BEE300F51D73 /* Stud_master+CoreDataProperties.swift */ = {isa = PBXFileReference; lastKnownFileType = sourcecode.swift; path = "Stud_master+CoreDataProperties.swift"; sourceTree = "<group>"; };
		43AC0F7C2BC3BEE300F51D73 /* Stud_marks+CoreDataClass.swift */ = {isa = PBXFileReference; lastKnownFileType = sourcecode.swift; path = "Stud_marks+CoreDataClass.swift"; sourceTree = "<group>"; };
		43AC0F7D2BC3BEE300F51D73 /* Stud_marks+CoreDataProperties.swift */ = {isa = PBXFileReference; lastKnownFileType = sourcecode.swift; path = "Stud_marks+CoreDataProperties.swift"; sourceTree = "<group>"; };
		43AC0F842BC3C8CC00F51D73 /* StudentViewController.swift */ = {isa = PBXFileReference; lastKnownFileType = sourcecode.swift; path = StudentViewController.swift; sourceTree = "<group>"; };
		43AC0F862BC3CD6B00F51D73 /* StudentTableViewController.swift */ = {isa = PBXFileReference; lastKnownFileType = sourcecode.swift; path = StudentTableViewController.swift; sourceTree = "<group>"; };
		43AC0F882BC3D2A200F51D73 /* MarksViewController.swift */ = {isa = PBXFileReference; lastKnownFileType = sourcecode.swift; path = MarksViewController.swift; sourceTree = "<group>"; };
		43AC0F8C2BC3E66F00F51D73 /* MarksTableViewController.swift */ = {isa = PBXFileReference; lastKnownFileType = sourcecode.swift; path = MarksTableViewController.swift; sourceTree = "<group>"; };
/* End PBXFileReference section */

/* Begin PBXFrameworksBuildPhase section */
		4336E7D42BC3BC9C00154329 /* Frameworks */ = {
			isa = PBXFrameworksBuildPhase;
			buildActionMask = 2147483647;
			files = (
			);
			runOnlyForDeploymentPostprocessing = 0;
		};
		4336E7ED2BC3BC9D00154329 /* Frameworks */ = {
			isa = PBXFrameworksBuildPhase;
			buildActionMask = 2147483647;
			files = (
			);
			runOnlyForDeploymentPostprocessing = 0;
		};
		4336E7F72BC3BC9D00154329 /* Frameworks */ = {
			isa = PBXFrameworksBuildPhase;
			buildActionMask = 2147483647;
			files = (
			);
			runOnlyForDeploymentPostprocessing = 0;
		};
/* End PBXFrameworksBuildPhase section */

/* Begin PBXGroup section */
		4336E7CE2BC3BC9C00154329 = {
			isa = PBXGroup;
			children = (
				43AC0F7A2BC3BEE300F51D73 /* Stud_master+CoreDataClass.swift */,
				43AC0F7B2BC3BEE300F51D73 /* Stud_master+CoreDataProperties.swift */,
				43AC0F7C2BC3BEE300F51D73 /* Stud_marks+CoreDataClass.swift */,
				43AC0F7D2BC3BEE300F51D73 /* Stud_marks+CoreDataProperties.swift */,
				4336E7D92BC3BC9C00154329 /* ps3Q1 */,
				4336E7F32BC3BC9D00154329 /* ps3Q1Tests */,
				4336E7FD2BC3BC9D00154329 /* ps3Q1UITests */,
				4336E7D82BC3BC9C00154329 /* Products */,
			);
			sourceTree = "<group>";
		};
		4336E7D82BC3BC9C00154329 /* Products */ = {
			isa = PBXGroup;
			children = (
				4336E7D72BC3BC9C00154329 /* ps3Q1.app */,
				4336E7F02BC3BC9D00154329 /* ps3Q1Tests.xctest */,
				4336E7FA2BC3BC9D00154329 /* ps3Q1UITests.xctest */,
			);
			name = Products;
			sourceTree = "<group>";
		};
		4336E7D92BC3BC9C00154329 /* ps3Q1 */ = {
			isa = PBXGroup;
			children = (
				4336E7DA2BC3BC9C00154329 /* AppDelegate.swift */,
				4336E7DC2BC3BC9C00154329 /* SceneDelegate.swift */,
				4336E7DE2BC3BC9C00154329 /* ViewController.swift */,
				4336E7E02BC3BC9C00154329 /* Main.storyboard */,
				4336E7E62BC3BC9D00154329 /* Assets.xcassets */,
				4336E7E82BC3BC9D00154329 /* LaunchScreen.storyboard */,
				4336E7EB2BC3BC9D00154329 /* Info.plist */,
				4336E7E32BC3BC9C00154329 /* ps3Q1.xcdatamodeld */,
				43AC0F842BC3C8CC00F51D73 /* StudentViewController.swift */,
				43AC0F862BC3CD6B00F51D73 /* StudentTableViewController.swift */,
				43AC0F882BC3D2A200F51D73 /* MarksViewController.swift */,
				43AC0F8C2BC3E66F00F51D73 /* MarksTableViewController.swift */,
			);
			path = ps3Q1;
			sourceTree = "<group>";
		};
		4336E7F32BC3BC9D00154329 /* ps3Q1Tests */ = {
			isa = PBXGroup;
			children = (
				4336E7F42BC3BC9D00154329 /* ps3Q1Tests.swift */,
			);
			path = ps3Q1Tests;
			sourceTree = "<group>";
		};
		4336E7FD2BC3BC9D00154329 /* ps3Q1UITests */ = {
			isa = PBXGroup;
			children = (
				4336E7FE2BC3BC9D00154329 /* ps3Q1UITests.swift */,
				4336E8002BC3BC9D00154329 /* ps3Q1UITestsLaunchTests.swift */,
			);
			path = ps3Q1UITests;
			sourceTree = "<group>";
		};
/* End PBXGroup section */

/* Begin PBXNativeTarget section */
		4336E7D62BC3BC9C00154329 /* ps3Q1 */ = {
			isa = PBXNativeTarget;
			buildConfigurationList = 4336E8042BC3BC9D00154329 /* Build configuration list for PBXNativeTarget "ps3Q1" */;
			buildPhases = (
				4336E7D32BC3BC9C00154329 /* Sources */,
				4336E7D42BC3BC9C00154329 /* Frameworks */,
				4336E7D52BC3BC9C00154329 /* Resources */,
			);
			buildRules = (
			);
			dependencies = (
			);
			name = ps3Q1;
			productName = ps3Q1;
			productReference = 4336E7D72BC3BC9C00154329 /* ps3Q1.app */;
			productType = "com.apple.product-type.application";
		};
		4336E7EF2BC3BC9D00154329 /* ps3Q1Tests */ = {
			isa = PBXNativeTarget;
			buildConfigurationList = 4336E8072BC3BC9D00154329 /* Build configuration list for PBXNativeTarget "ps3Q1Tests" */;
			buildPhases = (
				4336E7EC2BC3BC9D00154329 /* Sources */,
				4336E7ED2BC3BC9D00154329 /* Frameworks */,
				4336E7EE2BC3BC9D00154329 /* Resources */,
			);
			buildRules = (
			);
			dependencies = (
				4336E7F22BC3BC9D00154329 /* PBXTargetDependency */,
			);
			name = ps3Q1Tests;
			productName = ps3Q1Tests;
			productReference = 4336E7F02BC3BC9D00154329 /* ps3Q1Tests.xctest */;
			productType = "com.apple.product-type.bundle.unit-test";
		};
		4336E7F92BC3BC9D00154329 /* ps3Q1UITests */ = {
			isa = PBXNativeTarget;
			buildConfigurationList = 4336E80A2BC3BC9D00154329 /* Build configuration list for PBXNativeTarget "ps3Q1UITests" */;
			buildPhases = (
				4336E7F62BC3BC9D00154329 /* Sources */,
				4336E7F72BC3BC9D00154329 /* Frameworks */,
				4336E7F82BC3BC9D00154329 /* Resources */,
			);
			buildRules = (
			);
			dependencies = (
				4336E7FC2BC3BC9D00154329 /* PBXTargetDependency */,
			);
			name = ps3Q1UITests;
			productName = ps3Q1UITests;
			productReference = 4336E7FA2BC3BC9D00154329 /* ps3Q1UITests.xctest */;
			productType = "com.apple.product-type.bundle.ui-testing";
		};
/* End PBXNativeTarget section */

/* Begin PBXProject section */
		4336E7CF2BC3BC9C00154329 /* Project object */ = {
			isa = PBXProject;
			attributes = {
				BuildIndependentTargetsInParallel = 1;
				LastSwiftUpdateCheck = 1520;
				LastUpgradeCheck = 1520;
				TargetAttributes = {
					4336E7D62BC3BC9C00154329 = {
						CreatedOnToolsVersion = 15.2;
					};
					4336E7EF2BC3BC9D00154329 = {
						CreatedOnToolsVersion = 15.2;
						TestTargetID = 4336E7D62BC3BC9C00154329;
					};
					4336E7F92BC3BC9D00154329 = {
						CreatedOnToolsVersion = 15.2;
						TestTargetID = 4336E7D62BC3BC9C00154329;
					};
				};
			};
			buildConfigurationList = 4336E7D22BC3BC9C00154329 /* Build configuration list for PBXProject "ps3Q1" */;
			compatibilityVersion = "Xcode 14.0";
			developmentRegion = en;
			hasScannedForEncodings = 0;
			knownRegions = (
				en,
				Base,
			);
			mainGroup = 4336E7CE2BC3BC9C00154329;
			productRefGroup = 4336E7D82BC3BC9C00154329 /* Products */;
			projectDirPath = "";
			projectRoot = "";
			targets = (
				4336E7D62BC3BC9C00154329 /* ps3Q1 */,
				4336E7EF2BC3BC9D00154329 /* ps3Q1Tests */,
				4336E7F92BC3BC9D00154329 /* ps3Q1UITests */,
			);
		};
/* End PBXProject section */

/* Begin PBXResourcesBuildPhase section */
		4336E7D52BC3BC9C00154329 /* Resources */ = {
			isa = PBXResourcesBuildPhase;
			buildActionMask = 2147483647;
			files = (
				4336E7EA2BC3BC9D00154329 /* LaunchScreen.storyboard in Resources */,
				4336E7E72BC3BC9D00154329 /* Assets.xcassets in Resources */,
				4336E7E22BC3BC9C00154329 /* Main.storyboard in Resources */,
			);
			runOnlyForDeploymentPostprocessing = 0;
		};
		4336E7EE2BC3BC9D00154329 /* Resources */ = {
			isa = PBXResourcesBuildPhase;
			buildActionMask = 2147483647;
			files = (
			);
			runOnlyForDeploymentPostprocessing = 0;
		};
		4336E7F82BC3BC9D00154329 /* Resources */ = {
			isa = PBXResourcesBuildPhase;
			buildActionMask = 2147483647;
			files = (
			);
			runOnlyForDeploymentPostprocessing = 0;
		};
/* End PBXResourcesBuildPhase section */

/* Begin PBXSourcesBuildPhase section */
		4336E7D32BC3BC9C00154329 /* Sources */ = {
			isa = PBXSourcesBuildPhase;
			buildActionMask = 2147483647;
			files = (
				43AC0F802BC3BEE300F51D73 /* Stud_marks+CoreDataClass.swift in Sources */,
				4336E7DF2BC3BC9C00154329 /* ViewController.swift in Sources */,
				43AC0F7E2BC3BEE300F51D73 /* Stud_master+CoreDataClass.swift in Sources */,
				4336E7DB2BC3BC9C00154329 /* AppDelegate.swift in Sources */,
				43AC0F7F2BC3BEE300F51D73 /* Stud_master+CoreDataProperties.swift in Sources */,
				4336E7E52BC3BC9C00154329 /* ps3Q1.xcdatamodeld in Sources */,
				43AC0F892BC3D2A200F51D73 /* MarksViewController.swift in Sources */,
				43AC0F852BC3C8CC00F51D73 /* StudentViewController.swift in Sources */,
				43AC0F812BC3BEE300F51D73 /* Stud_marks+CoreDataProperties.swift in Sources */,
				43AC0F872BC3CD6B00F51D73 /* StudentTableViewController.swift in Sources */,
				43AC0F8D2BC3E66F00F51D73 /* MarksTableViewController.swift in Sources */,
				4336E7DD2BC3BC9C00154329 /* SceneDelegate.swift in Sources */,
			);
			runOnlyForDeploymentPostprocessing = 0;
		};
		4336E7EC2BC3BC9D00154329 /* Sources */ = {
			isa = PBXSourcesBuildPhase;
			buildActionMask = 2147483647;
			files = (
				4336E7F52BC3BC9D00154329 /* ps3Q1Tests.swift in Sources */,
			);
			runOnlyForDeploymentPostprocessing = 0;
		};
		4336E7F62BC3BC9D00154329 /* Sources */ = {
			isa = PBXSourcesBuildPhase;
			buildActionMask = 2147483647;
			files = (
				4336E7FF2BC3BC9D00154329 /* ps3Q1UITests.swift in Sources */,
				4336E8012BC3BC9D00154329 /* ps3Q1UITestsLaunchTests.swift in Sources */,
			);
			runOnlyForDeploymentPostprocessing = 0;
		};
/* End PBXSourcesBuildPhase section */

/* Begin PBXTargetDependency section */
		4336E7F22BC3BC9D00154329 /* PBXTargetDependency */ = {
			isa = PBXTargetDependency;
			target = 4336E7D62BC3BC9C00154329 /* ps3Q1 */;
			targetProxy = 4336E7F12BC3BC9D00154329 /* PBXContainerItemProxy */;
		};
		4336E7FC2BC3BC9D00154329 /* PBXTargetDependency */ = {
			isa = PBXTargetDependency;
			target = 4336E7D62BC3BC9C00154329 /* ps3Q1 */;
			targetProxy = 4336E7FB2BC3BC9D00154329 /* PBXContainerItemProxy */;
		};
/* End PBXTargetDependency section */

/* Begin PBXVariantGroup section */
		4336E7E02BC3BC9C00154329 /* Main.storyboard */ = {
			isa = PBXVariantGroup;
			children = (
				4336E7E12BC3BC9C00154329 /* Base */,
			);
			name = Main.storyboard;
			sourceTree = "<group>";
		};
		4336E7E82BC3BC9D00154329 /* LaunchScreen.storyboard */ = {
			isa = PBXVariantGroup;
			children = (
				4336E7E92BC3BC9D00154329 /* Base */,
			);
			name = LaunchScreen.storyboard;
			sourceTree = "<group>";
		};
/* End PBXVariantGroup section */

/* Begin XCBuildConfiguration section */
		4336E8022BC3BC9D00154329 /* Debug */ = {
			isa = XCBuildConfiguration;
			buildSettings = {
				ALWAYS_SEARCH_USER_PATHS = NO;
				ASSETCATALOG_COMPILER_GENERATE_SWIFT_ASSET_SYMBOL_EXTENSIONS = YES;
				CLANG_ANALYZER_NONNULL = YES;
				CLANG_ANALYZER_NUMBER_OBJECT_CONVERSION = YES_AGGRESSIVE;
				CLANG_CXX_LANGUAGE_STANDARD = "gnu++20";
				CLANG_ENABLE_MODULES = YES;
				CLANG_ENABLE_OBJC_ARC = YES;
				CLANG_ENABLE_OBJC_WEAK = YES;
				CLANG_WARN_BLOCK_CAPTURE_AUTORELEASING = YES;
				CLANG_WARN_BOOL_CONVERSION = YES;
				CLANG_WARN_COMMA = YES;
				CLANG_WARN_CONSTANT_CONVERSION = YES;
				CLANG_WARN_DEPRECATED_OBJC_IMPLEMENTATIONS = YES;
				CLANG_WARN_DIRECT_OBJC_ISA_USAGE = YES_ERROR;
				CLANG_WARN_DOCUMENTATION_COMMENTS = YES;
				CLANG_WARN_EMPTY_BODY = YES;
				CLANG_WARN_ENUM_CONVERSION = YES;
				CLANG_WARN_INFINITE_RECURSION = YES;
				CLANG_WARN_INT_CONVERSION = YES;
				CLANG_WARN_NON_LITERAL_NULL_CONVERSION = YES;
				CLANG_WARN_OBJC_IMPLICIT_RETAIN_SELF = YES;
				CLANG_WARN_OBJC_LITERAL_CONVERSION = YES;
				CLANG_WARN_OBJC_ROOT_CLASS = YES_ERROR;
				CLANG_WARN_QUOTED_INCLUDE_IN_FRAMEWORK_HEADER = YES;
				CLANG_WARN_RANGE_LOOP_ANALYSIS = YES;
				CLANG_WARN_STRICT_PROTOTYPES = YES;
				CLANG_WARN_SUSPICIOUS_MOVE = YES;
				CLANG_WARN_UNGUARDED_AVAILABILITY = YES_AGGRESSIVE;
				CLANG_WARN_UNREACHABLE_CODE = YES;
				CLANG_WARN__DUPLICATE_METHOD_MATCH = YES;
				COPY_PHASE_STRIP = NO;
				DEBUG_INFORMATION_FORMAT = dwarf;
				ENABLE_STRICT_OBJC_MSGSEND = YES;
				ENABLE_TESTABILITY = YES;
				ENABLE_USER_SCRIPT_SANDBOXING = YES;
				GCC_C_LANGUAGE_STANDARD = gnu17;
				GCC_DYNAMIC_NO_PIC = NO;
				GCC_NO_COMMON_BLOCKS = YES;
				GCC_OPTIMIZATION_LEVEL = 0;
				GCC_PREPROCESSOR_DEFINITIONS = (
					"DEBUG=1",
					"$(inherited)",
				);
				GCC_WARN_64_TO_32_BIT_CONVERSION = YES;
				GCC_WARN_ABOUT_RETURN_TYPE = YES_ERROR;
				GCC_WARN_UNDECLARED_SELECTOR = YES;
				GCC_WARN_UNINITIALIZED_AUTOS = YES_AGGRESSIVE;
				GCC_WARN_UNUSED_FUNCTION = YES;
				GCC_WARN_UNUSED_VARIABLE = YES;
				IPHONEOS_DEPLOYMENT_TARGET = 17.2;
				LOCALIZATION_PREFERS_STRING_CATALOGS = YES;
				MTL_ENABLE_DEBUG_INFO = INCLUDE_SOURCE;
				MTL_FAST_MATH = YES;
				ONLY_ACTIVE_ARCH = YES;
				SDKROOT = iphoneos;
				SWIFT_ACTIVE_COMPILATION_CONDITIONS = "DEBUG $(inherited)";
				SWIFT_OPTIMIZATION_LEVEL = "-Onone";
			};
			name = Debug;
		};
		4336E8032BC3BC9D00154329 /* Release */ = {
			isa = XCBuildConfiguration;
			buildSettings = {
				ALWAYS_SEARCH_USER_PATHS = NO;
				ASSETCATALOG_COMPILER_GENERATE_SWIFT_ASSET_SYMBOL_EXTENSIONS = YES;
				CLANG_ANALYZER_NONNULL = YES;
				CLANG_ANALYZER_NUMBER_OBJECT_CONVERSION = YES_AGGRESSIVE;
				CLANG_CXX_LANGUAGE_STANDARD = "gnu++20";
				CLANG_ENABLE_MODULES = YES;
				CLANG_ENABLE_OBJC_ARC = YES;
				CLANG_ENABLE_OBJC_WEAK = YES;
				CLANG_WARN_BLOCK_CAPTURE_AUTORELEASING = YES;
				CLANG_WARN_BOOL_CONVERSION = YES;
				CLANG_WARN_COMMA = YES;
				CLANG_WARN_CONSTANT_CONVERSION = YES;
				CLANG_WARN_DEPRECATED_OBJC_IMPLEMENTATIONS = YES;
				CLANG_WARN_DIRECT_OBJC_ISA_USAGE = YES_ERROR;
				CLANG_WARN_DOCUMENTATION_COMMENTS = YES;
				CLANG_WARN_EMPTY_BODY = YES;
				CLANG_WARN_ENUM_CONVERSION = YES;
				CLANG_WARN_INFINITE_RECURSION = YES;
				CLANG_WARN_INT_CONVERSION = YES;
				CLANG_WARN_NON_LITERAL_NULL_CONVERSION = YES;
				CLANG_WARN_OBJC_IMPLICIT_RETAIN_SELF = YES;
				CLANG_WARN_OBJC_LITERAL_CONVERSION = YES;
				CLANG_WARN_OBJC_ROOT_CLASS = YES_ERROR;
				CLANG_WARN_QUOTED_INCLUDE_IN_FRAMEWORK_HEADER = YES;
				CLANG_WARN_RANGE_LOOP_ANALYSIS = YES;
				CLANG_WARN_STRICT_PROTOTYPES = YES;
				CLANG_WARN_SUSPICIOUS_MOVE = YES;
				CLANG_WARN_UNGUARDED_AVAILABILITY = YES_AGGRESSIVE;
				CLANG_WARN_UNREACHABLE_CODE = YES;
				CLANG_WARN__DUPLICATE_METHOD_MATCH = YES;
				COPY_PHASE_STRIP = NO;
				DEBUG_INFORMATION_FORMAT = "dwarf-with-dsym";
				ENABLE_NS_ASSERTIONS = NO;
				ENABLE_STRICT_OBJC_MSGSEND = YES;
				ENABLE_USER_SCRIPT_SANDBOXING = YES;
				GCC_C_LANGUAGE_STANDARD = gnu17;
				GCC_NO_COMMON_BLOCKS = YES;
				GCC_WARN_64_TO_32_BIT_CONVERSION = YES;
				GCC_WARN_ABOUT_RETURN_TYPE = YES_ERROR;
				GCC_WARN_UNDECLARED_SELECTOR = YES;
				GCC_WARN_UNINITIALIZED_AUTOS = YES_AGGRESSIVE;
				GCC_WARN_UNUSED_FUNCTION = YES;
				GCC_WARN_UNUSED_VARIABLE = YES;
				IPHONEOS_DEPLOYMENT_TARGET = 17.2;
				LOCALIZATION_PREFERS_STRING_CATALOGS = YES;
				MTL_ENABLE_DEBUG_INFO = NO;
				MTL_FAST_MATH = YES;
				SDKROOT = iphoneos;
				SWIFT_COMPILATION_MODE = wholemodule;
				VALIDATE_PRODUCT = YES;
			};
			name = Release;
		};
		4336E8052BC3BC9D00154329 /* Debug */ = {
			isa = XCBuildConfiguration;
			buildSettings = {
				ASSETCATALOG_COMPILER_APPICON_NAME = AppIcon;
				ASSETCATALOG_COMPILER_GLOBAL_ACCENT_COLOR_NAME = AccentColor;
				CODE_SIGN_STYLE = Automatic;
				CURRENT_PROJECT_VERSION = 1;
				GENERATE_INFOPLIST_FILE = YES;
				INFOPLIST_FILE = ps3Q1/Info.plist;
				INFOPLIST_KEY_UIApplicationSupportsIndirectInputEvents = YES;
				INFOPLIST_KEY_UILaunchStoryboardName = LaunchScreen;
				INFOPLIST_KEY_UIMainStoryboardFile = Main;
				INFOPLIST_KEY_UISupportedInterfaceOrientations_iPad = "UIInterfaceOrientationPortrait UIInterfaceOrientationPortraitUpsideDown UIInterfaceOrientationLandscapeLeft UIInterfaceOrientationLandscapeRight";
				INFOPLIST_KEY_UISupportedInterfaceOrientations_iPhone = "UIInterfaceOrientationPortrait UIInterfaceOrientationLandscapeLeft UIInterfaceOrientationLandscapeRight";
				LD_RUNPATH_SEARCH_PATHS = (
					"$(inherited)",
					"@executable_path/Frameworks",
				);
				MARKETING_VERSION = 1.0;
				PRODUCT_BUNDLE_IDENTIFIER = MSCICT.ps3Q1;
				PRODUCT_NAME = "$(TARGET_NAME)";
				SWIFT_EMIT_LOC_STRINGS = YES;
				SWIFT_VERSION = 5.0;
				TARGETED_DEVICE_FAMILY = "1,2";
			};
			name = Debug;
		};
		4336E8062BC3BC9D00154329 /* Release */ = {
			isa = XCBuildConfiguration;
			buildSettings = {
				ASSETCATALOG_COMPILER_APPICON_NAME = AppIcon;
				ASSETCATALOG_COMPILER_GLOBAL_ACCENT_COLOR_NAME = AccentColor;
				CODE_SIGN_STYLE = Automatic;
				CURRENT_PROJECT_VERSION = 1;
				GENERATE_INFOPLIST_FILE = YES;
				INFOPLIST_FILE = ps3Q1/Info.plist;
				INFOPLIST_KEY_UIApplicationSupportsIndirectInputEvents = YES;
				INFOPLIST_KEY_UILaunchStoryboardName = LaunchScreen;
				INFOPLIST_KEY_UIMainStoryboardFile = Main;
				INFOPLIST_KEY_UISupportedInterfaceOrientations_iPad = "UIInterfaceOrientationPortrait UIInterfaceOrientationPortraitUpsideDown UIInterfaceOrientationLandscapeLeft UIInterfaceOrientationLandscapeRight";
				INFOPLIST_KEY_UISupportedInterfaceOrientations_iPhone = "UIInterfaceOrientationPortrait UIInterfaceOrientationLandscapeLeft UIInterfaceOrientationLandscapeRight";
				LD_RUNPATH_SEARCH_PATHS = (
					"$(inherited)",
					"@executable_path/Frameworks",
				);
				MARKETING_VERSION = 1.0;
				PRODUCT_BUNDLE_IDENTIFIER = MSCICT.ps3Q1;
				PRODUCT_NAME = "$(TARGET_NAME)";
				SWIFT_EMIT_LOC_STRINGS = YES;
				SWIFT_VERSION = 5.0;
				TARGETED_DEVICE_FAMILY = "1,2";
			};
			name = Release;
		};
		4336E8082BC3BC9D00154329 /* Debug */ = {
			isa = XCBuildConfiguration;
			buildSettings = {
				ALWAYS_EMBED_SWIFT_STANDARD_LIBRARIES = YES;
				BUNDLE_LOADER = "$(TEST_HOST)";
				CODE_SIGN_STYLE = Automatic;
				CURRENT_PROJECT_VERSION = 1;
				GENERATE_INFOPLIST_FILE = YES;
				IPHONEOS_DEPLOYMENT_TARGET = 17.2;
				MARKETING_VERSION = 1.0;
				PRODUCT_BUNDLE_IDENTIFIER = MSCICT.ps3Q1Tests;
				PRODUCT_NAME = "$(TARGET_NAME)";
				SWIFT_EMIT_LOC_STRINGS = NO;
				SWIFT_VERSION = 5.0;
				TARGETED_DEVICE_FAMILY = "1,2";
				TEST_HOST = "$(BUILT_PRODUCTS_DIR)/ps3Q1.app/$(BUNDLE_EXECUTABLE_FOLDER_PATH)/ps3Q1";
			};
			name = Debug;
		};
		4336E8092BC3BC9D00154329 /* Release */ = {
			isa = XCBuildConfiguration;
			buildSettings = {
				ALWAYS_EMBED_SWIFT_STANDARD_LIBRARIES = YES;
				BUNDLE_LOADER = "$(TEST_HOST)";
				CODE_SIGN_STYLE = Automatic;
				CURRENT_PROJECT_VERSION = 1;
				GENERATE_INFOPLIST_FILE = YES;
				IPHONEOS_DEPLOYMENT_TARGET = 17.2;
				MARKETING_VERSION = 1.0;
				PRODUCT_BUNDLE_IDENTIFIER = MSCICT.ps3Q1Tests;
				PRODUCT_NAME = "$(TARGET_NAME)";
				SWIFT_EMIT_LOC_STRINGS = NO;
				SWIFT_VERSION = 5.0;
				TARGETED_DEVICE_FAMILY = "1,2";
				TEST_HOST = "$(BUILT_PRODUCTS_DIR)/ps3Q1.app/$(BUNDLE_EXECUTABLE_FOLDER_PATH)/ps3Q1";
			};
			name = Release;
		};
		4336E80B2BC3BC9D00154329 /* Debug */ = {
			isa = XCBuildConfiguration;
			buildSettings = {
				ALWAYS_EMBED_SWIFT_STANDARD_LIBRARIES = YES;
				CODE_SIGN_STYLE = Automatic;
				CURRENT_PROJECT_VERSION = 1;
				GENERATE_INFOPLIST_FILE = YES;
				MARKETING_VERSION = 1.0;
				PRODUCT_BUNDLE_IDENTIFIER = MSCICT.ps3Q1UITests;
				PRODUCT_NAME = "$(TARGET_NAME)";
				SWIFT_EMIT_LOC_STRINGS = NO;
				SWIFT_VERSION = 5.0;
				TARGETED_DEVICE_FAMILY = "1,2";
				TEST_TARGET_NAME = ps3Q1;
			};
			name = Debug;
		};
		4336E80C2BC3BC9D00154329 /* Release */ = {
			isa = XCBuildConfiguration;
			buildSettings = {
				ALWAYS_EMBED_SWIFT_STANDARD_LIBRARIES = YES;
				CODE_SIGN_STYLE = Automatic;
				CURRENT_PROJECT_VERSION = 1;
				GENERATE_INFOPLIST_FILE = YES;
				MARKETING_VERSION = 1.0;
				PRODUCT_BUNDLE_IDENTIFIER = MSCICT.ps3Q1UITests;
				PRODUCT_NAME = "$(TARGET_NAME)";
				SWIFT_EMIT_LOC_STRINGS = NO;
				SWIFT_VERSION = 5.0;
				TARGETED_DEVICE_FAMILY = "1,2";
				TEST_TARGET_NAME = ps3Q1;
			};
			name = Release;
		};
/* End XCBuildConfiguration section */

/* Begin XCConfigurationList section */
		4336E7D22BC3BC9C00154329 /* Build configuration list for PBXProject "ps3Q1" */ = {
			isa = XCConfigurationList;
			buildConfigurations = (
				4336E8022BC3BC9D00154329 /* Debug */,
				4336E8032BC3BC9D00154329 /* Release */,
			);
			defaultConfigurationIsVisible = 0;
			defaultConfigurationName = Release;
		};
		4336E8042BC3BC9D00154329 /* Build configuration list for PBXNativeTarget "ps3Q1" */ = {
			isa = XCConfigurationList;
			buildConfigurations = (
				4336E8052BC3BC9D00154329 /* Debug */,
				4336E8062BC3BC9D00154329 /* Release */,
			);
			defaultConfigurationIsVisible = 0;
			defaultConfigurationName = Release;
		};
		4336E8072BC3BC9D00154329 /* Build configuration list for PBXNativeTarget "ps3Q1Tests" */ = {
			isa = XCConfigurationList;
			buildConfigurations = (
				4336E8082BC3BC9D00154329 /* Debug */,
				4336E8092BC3BC9D00154329 /* Release */,
			);
			defaultConfigurationIsVisible = 0;
			defaultConfigurationName = Release;
		};
		4336E80A2BC3BC9D00154329 /* Build configuration list for PBXNativeTarget "ps3Q1UITests" */ = {
			isa = XCConfigurationList;
			buildConfigurations = (
				4336E80B2BC3BC9D00154329 /* Debug */,
				4336E80C2BC3BC9D00154329 /* Release */,
			);
			defaultConfigurationIsVisible = 0;
			defaultConfigurationName = Release;
		};
/* End XCConfigurationList section */

/* Begin XCVersionGroup section */
		4336E7E32BC3BC9C00154329 /* ps3Q1.xcdatamodeld */ = {
			isa = XCVersionGroup;
			children = (
				4336E7E42BC3BC9C00154329 /* ps3Q1.xcdatamodel */,
			);
			currentVersion = 4336E7E42BC3BC9C00154329 /* ps3Q1.xcdatamodel */;
			path = ps3Q1.xcdatamodeld;
			sourceTree = "<group>";
			versionGroupType = wrapper.xcdatamodel;
		};
/* End XCVersionGroup section */
	};
	rootObject = 4336E7CF2BC3BC9C00154329 /* Project object */;
}
